{
  "name": "FlowersShop",
  "lockfileVersion": 3,
  "requires": true,
  "packages": {
    "": {
      "dependencies": {
        "pc-vn": "^1.0.1"
      }
    },
    "node_modules/pc-vn": {
      "version": "1.0.1",
      "resolved": "https://registry.npmjs.org/pc-vn/-/pc-vn-1.0.1.tgz",
      "integrity": "sha512-P6hfrjITql7DDZKCvh4++RyhME826eXd0v78awwojrX2lZwDLQOqpL57SO49+FuOkQClvkPJIXw6RzCVKg+hLg==",
      "license": "ISC"
    }
  }
}
